
Microsoft Visual Studio Solution File, Format Version 12.00
# Visual Studio Version 17
VisualStudioVersion = 17.3.32825.248
MinimumVisualStudioVersion = 10.0.40219.1
Project("{9A19103F-16F7-4668-BE54-9A1E7A4F7556}") = "eStore-Maui", "eStore-Maui.csproj", "{DA1CEF62-2CF0-46FE-805B-6BF951B33074}"
EndProject
Project("{FAE04EC0-301F-11D3-BF4B-00C04F79EFBC}") = "AKS.MAUI.Databases", "..\AKS.MAUI.Databases\AKS.MAUI.Databases.csproj", "{02253509-2104-498D-B18A-2B72CA189FA8}"
EndProject
Project("{9A19103F-16F7-4668-BE54-9A1E7A4F7556}") = "eStore-MauiLib", "..\eStore-MauiLib\eStore-MauiLib.csproj", "{EE018BAE-4550-4B0E-85A0-45B5D7549198}"
EndProject
Project("{2150E333-8FDC-42A3-9474-1A3956D46DE8}") = "AKSLabs", "AKSLabs", "{B2642C04-AA23-4240-A1FA-2E04F6D232B3}"
EndProject
Project("{2150E333-8FDC-42A3-9474-1A3956D46DE8}") = "Shared", "Shared", "{49F74354-F9B6-4D2F-8B8C-01D9284FB597}"
	ProjectSection(SolutionItems) = preProject
		C:\Users\amitn\Downloads\AppIcons.zip = C:\Users\amitn\Downloads\AppIcons.zip
		C:\Users\amitn\Downloads\IconKitchen-Output %25281%2529.zip = C:\Users\amitn\Downloads\IconKitchen-Output %25281%2529.zip
		C:\Users\amitn\Downloads\IconKitchen-Output.zip = C:\Users\amitn\Downloads\IconKitchen-Output.zip
		C:\Users\amitn\Downloads\ic_launcher %25281%2529.zip = C:\Users\amitn\Downloads\ic_launcher %25281%2529.zip
		C:\Users\amitn\Downloads\ic_launcher-632dddc8716b8.zip = C:\Users\amitn\Downloads\ic_launcher-632dddc8716b8.zip
		C:\Users\amitn\Downloads\ic_launcher.zip = C:\Users\amitn\Downloads\ic_launcher.zip
	EndProjectSection
EndProject
Project("{D954291E-2A0B-460D-934E-DC6B0785DB48}") = "AKS.Shared.Commons", "..\..\AKS Labs\Shared\AKS.Shared.Commons\AKS.Shared.Commons.shproj", "{9EE7A62A-E3CD-4C07-BC43-AA6AFB980C8C}"
EndProject
Project("{D954291E-2A0B-460D-934E-DC6B0785DB48}") = "AKS.Shared.Payrolls", "..\..\AKS Labs\Payroll\AKS.Shared.Payrolls\AKS.Shared.Payrolls.shproj", "{062A8AC3-2766-4147-8809-9E46C9C71B34}"
EndProject
Project("{9A19103F-16F7-4668-BE54-9A1E7A4F7556}") = "AKS.Printers", "..\..\AKS Labs\Payroll\AKS.Payroll\AKS.Printers\AKS.Printers.csproj", "{3062813D-36CF-4655-A87E-554A4BCFDAE1}"
EndProject
Project("{2150E333-8FDC-42A3-9474-1A3956D46DE8}") = "UI", "UI", "{D877FD48-2808-4872-84D1-F1F18D53D3BD}"
EndProject
Project("{9A19103F-16F7-4668-BE54-9A1E7A4F7556}") = "eStore.Accounting", "..\eStore.Accounting\eStore.Accounting.csproj", "{044980AF-62A8-4D86-8D9B-3A3B5AC665CC}"
EndProject
Project("{9A19103F-16F7-4668-BE54-9A1E7A4F7556}") = "eStore.Payroll", "..\eStore.Payroll\eStore.Payroll.csproj", "{AD34F939-E82A-46C9-9F6E-724044D17929}"
EndProject
Project("{9A19103F-16F7-4668-BE54-9A1E7A4F7556}") = "eStore.POS", "..\eStore.POS\eStore.POS.csproj", "{3C1A7820-F9C4-4EC0-9F42-76B0617E85B2}"
EndProject
Project("{9A19103F-16F7-4668-BE54-9A1E7A4F7556}") = "eStore.Admin", "..\eStore.Admin\eStore.Admin.csproj", "{6C5EE648-387A-4D8E-89F7-0608CE5E9CAC}"
EndProject
Project("{2150E333-8FDC-42A3-9474-1A3956D46DE8}") = "Blazor", "Blazor", "{E81AEBEB-2F07-471E-8194-7231F159AEE2}"
EndProject
Project("{9A19103F-16F7-4668-BE54-9A1E7A4F7556}") = "eStoreBlazor", "..\eStoreBlazor\eStoreBlazor.csproj", "{7C7136C0-E788-4129-853D-01897F0CF120}"
EndProject
Project("{2150E333-8FDC-42A3-9474-1A3956D46DE8}") = "DevExp", "DevExp", "{477A889C-495B-43A5-8D86-DDAF85E83B50}"
EndProject
Project("{9A19103F-16F7-4668-BE54-9A1E7A4F7556}") = "eStore.Dev", "..\eStore.Dev\eStore.Dev.csproj", "{98514857-EE32-4079-B2E3-9E44EF538407}"
EndProject
Project("{2150E333-8FDC-42A3-9474-1A3956D46DE8}") = "Main", "Main", "{CE332F78-567A-4D4E-99F1-25A138AF14A2}"
EndProject
Project("{FAE04EC0-301F-11D3-BF4B-00C04F79EFBC}") = "eStore", "..\eStore\eStore.csproj", "{AE31ABD8-278F-402B-B80E-465BFC7F72DF}"
EndProject
Project("{2150E333-8FDC-42A3-9474-1A3956D46DE8}") = "eStoreMobileApp", "eStoreMobileApp", "{08D54F23-E454-4C18-B384-FB8632D500DE}"
EndProject
Project("{FAE04EC0-301F-11D3-BF4B-00C04F79EFBC}") = "eStore.MAUILib", "..\eStore.MAUILib\eStore.MAUILib.csproj", "{2606A71A-FEE5-4F1E-9D98-BF3FB86FD107}"
EndProject
Project("{FAE04EC0-301F-11D3-BF4B-00C04F79EFBC}") = "eStore.DatabaseSyncService", "..\eStore.DatabaseSyncService\eStore.DatabaseSyncService.csproj", "{15B13196-59DB-45F8-B8FE-16114CCEC61C}"
EndProject
Global
	GlobalSection(SolutionConfigurationPlatforms) = preSolution
		Debug|Any CPU = Debug|Any CPU
		Release|Any CPU = Release|Any CPU
	EndGlobalSection
	GlobalSection(ProjectConfigurationPlatforms) = postSolution
		{DA1CEF62-2CF0-46FE-805B-6BF951B33074}.Debug|Any CPU.ActiveCfg = Debug|Any CPU
		{DA1CEF62-2CF0-46FE-805B-6BF951B33074}.Debug|Any CPU.Build.0 = Debug|Any CPU
		{DA1CEF62-2CF0-46FE-805B-6BF951B33074}.Debug|Any CPU.Deploy.0 = Debug|Any CPU
		{DA1CEF62-2CF0-46FE-805B-6BF951B33074}.Release|Any CPU.ActiveCfg = Release|Any CPU
		{DA1CEF62-2CF0-46FE-805B-6BF951B33074}.Release|Any CPU.Build.0 = Release|Any CPU
		{02253509-2104-498D-B18A-2B72CA189FA8}.Debug|Any CPU.ActiveCfg = Debug|Any CPU
		{02253509-2104-498D-B18A-2B72CA189FA8}.Debug|Any CPU.Build.0 = Debug|Any CPU
		{02253509-2104-498D-B18A-2B72CA189FA8}.Release|Any CPU.ActiveCfg = Release|Any CPU
		{02253509-2104-498D-B18A-2B72CA189FA8}.Release|Any CPU.Build.0 = Release|Any CPU
		{EE018BAE-4550-4B0E-85A0-45B5D7549198}.Debug|Any CPU.ActiveCfg = Debug|Any CPU
		{EE018BAE-4550-4B0E-85A0-45B5D7549198}.Debug|Any CPU.Build.0 = Debug|Any CPU
		{EE018BAE-4550-4B0E-85A0-45B5D7549198}.Release|Any CPU.ActiveCfg = Release|Any CPU
		{EE018BAE-4550-4B0E-85A0-45B5D7549198}.Release|Any CPU.Build.0 = Release|Any CPU
		{3062813D-36CF-4655-A87E-554A4BCFDAE1}.Debug|Any CPU.ActiveCfg = Debug|Any CPU
		{3062813D-36CF-4655-A87E-554A4BCFDAE1}.Debug|Any CPU.Build.0 = Debug|Any CPU
		{3062813D-36CF-4655-A87E-554A4BCFDAE1}.Release|Any CPU.ActiveCfg = Release|Any CPU
		{3062813D-36CF-4655-A87E-554A4BCFDAE1}.Release|Any CPU.Build.0 = Release|Any CPU
		{044980AF-62A8-4D86-8D9B-3A3B5AC665CC}.Debug|Any CPU.ActiveCfg = Debug|Any CPU
		{044980AF-62A8-4D86-8D9B-3A3B5AC665CC}.Debug|Any CPU.Build.0 = Debug|Any CPU
		{044980AF-62A8-4D86-8D9B-3A3B5AC665CC}.Debug|Any CPU.Deploy.0 = Debug|Any CPU
		{044980AF-62A8-4D86-8D9B-3A3B5AC665CC}.Release|Any CPU.ActiveCfg = Release|Any CPU
		{044980AF-62A8-4D86-8D9B-3A3B5AC665CC}.Release|Any CPU.Build.0 = Release|Any CPU
		{044980AF-62A8-4D86-8D9B-3A3B5AC665CC}.Release|Any CPU.Deploy.0 = Release|Any CPU
		{AD34F939-E82A-46C9-9F6E-724044D17929}.Debug|Any CPU.ActiveCfg = Debug|Any CPU
		{AD34F939-E82A-46C9-9F6E-724044D17929}.Debug|Any CPU.Build.0 = Debug|Any CPU
		{AD34F939-E82A-46C9-9F6E-724044D17929}.Debug|Any CPU.Deploy.0 = Debug|Any CPU
		{AD34F939-E82A-46C9-9F6E-724044D17929}.Release|Any CPU.ActiveCfg = Release|Any CPU
		{AD34F939-E82A-46C9-9F6E-724044D17929}.Release|Any CPU.Build.0 = Release|Any CPU
		{AD34F939-E82A-46C9-9F6E-724044D17929}.Release|Any CPU.Deploy.0 = Release|Any CPU
		{3C1A7820-F9C4-4EC0-9F42-76B0617E85B2}.Debug|Any CPU.ActiveCfg = Debug|Any CPU
		{3C1A7820-F9C4-4EC0-9F42-76B0617E85B2}.Debug|Any CPU.Build.0 = Debug|Any CPU
		{3C1A7820-F9C4-4EC0-9F42-76B0617E85B2}.Debug|Any CPU.Deploy.0 = Debug|Any CPU
		{3C1A7820-F9C4-4EC0-9F42-76B0617E85B2}.Release|Any CPU.ActiveCfg = Release|Any CPU
		{3C1A7820-F9C4-4EC0-9F42-76B0617E85B2}.Release|Any CPU.Build.0 = Release|Any CPU
		{3C1A7820-F9C4-4EC0-9F42-76B0617E85B2}.Release|Any CPU.Deploy.0 = Release|Any CPU
		{6C5EE648-387A-4D8E-89F7-0608CE5E9CAC}.Debug|Any CPU.ActiveCfg = Debug|Any CPU
		{6C5EE648-387A-4D8E-89F7-0608CE5E9CAC}.Debug|Any CPU.Build.0 = Debug|Any CPU
		{6C5EE648-387A-4D8E-89F7-0608CE5E9CAC}.Debug|Any CPU.Deploy.0 = Debug|Any CPU
		{6C5EE648-387A-4D8E-89F7-0608CE5E9CAC}.Release|Any CPU.ActiveCfg = Release|Any CPU
		{6C5EE648-387A-4D8E-89F7-0608CE5E9CAC}.Release|Any CPU.Build.0 = Release|Any CPU
		{6C5EE648-387A-4D8E-89F7-0608CE5E9CAC}.Release|Any CPU.Deploy.0 = Release|Any CPU
		{7C7136C0-E788-4129-853D-01897F0CF120}.Debug|Any CPU.ActiveCfg = Debug|Any CPU
		{7C7136C0-E788-4129-853D-01897F0CF120}.Debug|Any CPU.Build.0 = Debug|Any CPU
		{7C7136C0-E788-4129-853D-01897F0CF120}.Debug|Any CPU.Deploy.0 = Debug|Any CPU
		{7C7136C0-E788-4129-853D-01897F0CF120}.Release|Any CPU.ActiveCfg = Release|Any CPU
		{7C7136C0-E788-4129-853D-01897F0CF120}.Release|Any CPU.Build.0 = Release|Any CPU
		{7C7136C0-E788-4129-853D-01897F0CF120}.Release|Any CPU.Deploy.0 = Release|Any CPU
		{98514857-EE32-4079-B2E3-9E44EF538407}.Debug|Any CPU.ActiveCfg = Debug|Any CPU
		{98514857-EE32-4079-B2E3-9E44EF538407}.Debug|Any CPU.Build.0 = Debug|Any CPU
		{98514857-EE32-4079-B2E3-9E44EF538407}.Debug|Any CPU.Deploy.0 = Debug|Any CPU
		{98514857-EE32-4079-B2E3-9E44EF538407}.Release|Any CPU.ActiveCfg = Release|Any CPU
		{98514857-EE32-4079-B2E3-9E44EF538407}.Release|Any CPU.Build.0 = Release|Any CPU
		{98514857-EE32-4079-B2E3-9E44EF538407}.Release|Any CPU.Deploy.0 = Release|Any CPU
		{AE31ABD8-278F-402B-B80E-465BFC7F72DF}.Debug|Any CPU.ActiveCfg = Debug|Any CPU
		{AE31ABD8-278F-402B-B80E-465BFC7F72DF}.Debug|Any CPU.Build.0 = Debug|Any CPU
		{AE31ABD8-278F-402B-B80E-465BFC7F72DF}.Debug|Any CPU.Deploy.0 = Debug|Any CPU
		{AE31ABD8-278F-402B-B80E-465BFC7F72DF}.Release|Any CPU.ActiveCfg = Release|Any CPU
		{AE31ABD8-278F-402B-B80E-465BFC7F72DF}.Release|Any CPU.Build.0 = Release|Any CPU
		{AE31ABD8-278F-402B-B80E-465BFC7F72DF}.Release|Any CPU.Deploy.0 = Release|Any CPU
		{2606A71A-FEE5-4F1E-9D98-BF3FB86FD107}.Debug|Any CPU.ActiveCfg = Debug|Any CPU
		{2606A71A-FEE5-4F1E-9D98-BF3FB86FD107}.Debug|Any CPU.Build.0 = Debug|Any CPU
		{2606A71A-FEE5-4F1E-9D98-BF3FB86FD107}.Release|Any CPU.ActiveCfg = Release|Any CPU
		{2606A71A-FEE5-4F1E-9D98-BF3FB86FD107}.Release|Any CPU.Build.0 = Release|Any CPU
		{15B13196-59DB-45F8-B8FE-16114CCEC61C}.Debug|Any CPU.ActiveCfg = Debug|Any CPU
		{15B13196-59DB-45F8-B8FE-16114CCEC61C}.Debug|Any CPU.Build.0 = Debug|Any CPU
		{15B13196-59DB-45F8-B8FE-16114CCEC61C}.Release|Any CPU.ActiveCfg = Release|Any CPU
		{15B13196-59DB-45F8-B8FE-16114CCEC61C}.Release|Any CPU.Build.0 = Release|Any CPU
	EndGlobalSection
	GlobalSection(SolutionProperties) = preSolution
		HideSolutionNode = FALSE
	EndGlobalSection
	GlobalSection(NestedProjects) = preSolution
		{DA1CEF62-2CF0-46FE-805B-6BF951B33074} = {CE332F78-567A-4D4E-99F1-25A138AF14A2}
		{02253509-2104-498D-B18A-2B72CA189FA8} = {08D54F23-E454-4C18-B384-FB8632D500DE}
		{EE018BAE-4550-4B0E-85A0-45B5D7549198} = {CE332F78-567A-4D4E-99F1-25A138AF14A2}
		{49F74354-F9B6-4D2F-8B8C-01D9284FB597} = {B2642C04-AA23-4240-A1FA-2E04F6D232B3}
		{9EE7A62A-E3CD-4C07-BC43-AA6AFB980C8C} = {49F74354-F9B6-4D2F-8B8C-01D9284FB597}
		{062A8AC3-2766-4147-8809-9E46C9C71B34} = {49F74354-F9B6-4D2F-8B8C-01D9284FB597}
		{3062813D-36CF-4655-A87E-554A4BCFDAE1} = {B2642C04-AA23-4240-A1FA-2E04F6D232B3}
		{044980AF-62A8-4D86-8D9B-3A3B5AC665CC} = {D877FD48-2808-4872-84D1-F1F18D53D3BD}
		{AD34F939-E82A-46C9-9F6E-724044D17929} = {D877FD48-2808-4872-84D1-F1F18D53D3BD}
		{3C1A7820-F9C4-4EC0-9F42-76B0617E85B2} = {D877FD48-2808-4872-84D1-F1F18D53D3BD}
		{6C5EE648-387A-4D8E-89F7-0608CE5E9CAC} = {D877FD48-2808-4872-84D1-F1F18D53D3BD}
		{E81AEBEB-2F07-471E-8194-7231F159AEE2} = {D877FD48-2808-4872-84D1-F1F18D53D3BD}
		{7C7136C0-E788-4129-853D-01897F0CF120} = {E81AEBEB-2F07-471E-8194-7231F159AEE2}
		{477A889C-495B-43A5-8D86-DDAF85E83B50} = {D877FD48-2808-4872-84D1-F1F18D53D3BD}
		{98514857-EE32-4079-B2E3-9E44EF538407} = {477A889C-495B-43A5-8D86-DDAF85E83B50}
		{AE31ABD8-278F-402B-B80E-465BFC7F72DF} = {08D54F23-E454-4C18-B384-FB8632D500DE}
		{2606A71A-FEE5-4F1E-9D98-BF3FB86FD107} = {08D54F23-E454-4C18-B384-FB8632D500DE}
		{15B13196-59DB-45F8-B8FE-16114CCEC61C} = {08D54F23-E454-4C18-B384-FB8632D500DE}
	EndGlobalSection
	GlobalSection(ExtensibilityGlobals) = postSolution
		SolutionGuid = {4DFCAD0F-DB8E-49C5-9FBD-07EC062D77F4}
	EndGlobalSection
	GlobalSection(SharedMSBuildProjectFiles) = preSolution
		..\..\AKS Labs\Payroll\AKS.Shared.Payrolls\AKS.Shared.Payrolls.projitems*{02253509-2104-498d-b18a-2b72ca189fa8}*SharedItemsImports = 5
		..\..\AKS Labs\Shared\AKS.Shared.Commons\AKS.Shared.Commons.projitems*{02253509-2104-498d-b18a-2b72ca189fa8}*SharedItemsImports = 5
		..\..\AKS Labs\Payroll\AKS.Shared.Payrolls\AKS.Shared.Payrolls.projitems*{062a8ac3-2766-4147-8809-9e46c9c71b34}*SharedItemsImports = 13
		..\..\AKS Labs\Shared\AKS.Shared.Commons\AKS.Shared.Commons.projitems*{9ee7a62a-e3cd-4c07-bc43-aa6afb980c8c}*SharedItemsImports = 13
	EndGlobalSection
	GlobalSection(MonoDevelopProperties) = preSolution
		Policies = $0
		$0.DotNetNamingPolicy = $1
		$1.DirectoryNamespaceAssociation = PrefixedHierarchical
		$0.TextStylePolicy = $2
		$2.inheritsSet = null
		$2.scope = text/x-csharp
		$0.CSharpFormattingPolicy = $3
		$3.scope = text/x-csharp
		$0.StandardHeader = $4
	EndGlobalSection
EndGlobal
