
Microsoft Visual Studio Solution File, Format Version 12.00
# Visual Studio Version 17
VisualStudioVersion = 17.1.32319.34
MinimumVisualStudioVersion = 10.0.40219.1
Project("{9A19103F-16F7-4668-BE54-9A1E7A4F7556}") = "AKS.SRPMix", "AKS.Payroll\AKS.SRPMix.csproj", "{DEE0585F-628A-424C-AA93-9BC5CCB3335F}"
EndProject
Project("{9A19103F-16F7-4668-BE54-9A1E7A4F7556}") = "AKS.Payroll.Database", "..\AKS.Payroll.Database\AKS.Payroll.Database.csproj", "{DA385EDD-4800-4705-A919-426FC5DB5295}"
EndProject
Project("{9A19103F-16F7-4668-BE54-9A1E7A4F7556}") = "AKS.ParyollSystem", "..\AKS.ParyollSystem\AKS.ParyollSystem.csproj", "{EB19B249-BA49-4BCF-A922-917DB1400D9F}"
EndProject
Project("{D954291E-2A0B-460D-934E-DC6B0785DB48}") = "AKS.Shared.Payrolls", "..\AKS.Shared.Payrolls\AKS.Shared.Payrolls.shproj", "{062A8AC3-2766-4147-8809-9E46C9C71B34}"
EndProject
Project("{D954291E-2A0B-460D-934E-DC6B0785DB48}") = "AKS.Shared.Commons", "..\..\Shared\AKS.Shared.Commons\AKS.Shared.Commons.shproj", "{9EE7A62A-E3CD-4C07-BC43-AA6AFB980C8C}"
EndProject
Project("{2150E333-8FDC-42A3-9474-1A3956D46DE8}") = "Solution Items", "Solution Items", "{35E8D0BB-FE69-4A66-BEEF-03FDA62F50DD}"
	ProjectSection(SolutionItems) = preProject
		.editorconfig = .editorconfig
	EndProjectSection
EndProject
Project("{D954291E-2A0B-460D-934E-DC6B0785DB48}") = "eStore.Shared", "..\..\..\eStore\eStore.Shared\eStore.Shared.shproj", "{2147E9DF-8118-4DAA-8611-40DD72C259F9}"
EndProject
Project("{9A19103F-16F7-4668-BE54-9A1E7A4F7556}") = "AKS.DatabaseMigrator", "AKS.DatabaseMigrator\AKS.DatabaseMigrator.csproj", "{E7D3A8B8-6511-49DC-8F9F-F64EEDE437CF}"
EndProject
Project("{9A19103F-16F7-4668-BE54-9A1E7A4F7556}") = "AKS.Libs", "AKS.Libs\AKS.Libs.csproj", "{D7C7479E-E4FE-4327-B737-7515CC1B058F}"
EndProject
Project("{9A19103F-16F7-4668-BE54-9A1E7A4F7556}") = "AKS.POSBilling", "..\..\Invoices\AKS.POSBilling\AKS.POSBilling.csproj", "{E5B6A8EF-8136-4470-B427-F02629A7F9E6}"
EndProject
Project("{9A19103F-16F7-4668-BE54-9A1E7A4F7556}") = "AKS.Databases", "AKS.Databases\AKS.Databases.csproj", "{F130673C-4EE9-4135-85A2-CEDF6660859D}"
EndProject
Project("{9A19103F-16F7-4668-BE54-9A1E7A4F7556}") = "AKS.Accounting", "AKS.Accounting\AKS.Accounting.csproj", "{95F4D387-A0BE-4407-A515-5B6CAC8D9F0C}"
EndProject
Project("{9A19103F-16F7-4668-BE54-9A1E7A4F7556}") = "AKS.Payrolls", "AKS.Payrolls\AKS.Payrolls.csproj", "{6EB45C53-0CEC-432E-9CF9-27233BC5EBEE}"
EndProject
Project("{2150E333-8FDC-42A3-9474-1A3956D46DE8}") = "Shareds", "Shareds", "{58EB1D91-5E69-4D22-B8D0-F34D88EC1EEB}"
EndProject
Project("{D954291E-2A0B-460D-934E-DC6B0785DB48}") = "AKS.Shared.Accounting", "AKS.Shared.Accounting\AKS.Shared.Accounting.shproj", "{D540EA0B-62F2-4582-8FE1-0A2D381C29CC}"
EndProject
Project("{D954291E-2A0B-460D-934E-DC6B0785DB48}") = "AKS.Shared.PosBilling", "AKS.Shared.PosBilling\AKS.Shared.PosBilling.shproj", "{642F8409-F94E-404C-8D3A-CB1F801A1396}"
EndProject
Project("{2150E333-8FDC-42A3-9474-1A3956D46DE8}") = "Modules", "Modules", "{178EDD68-8F30-4104-BF98-1F69C5FD57AB}"
EndProject
Project("{2150E333-8FDC-42A3-9474-1A3956D46DE8}") = "Databases", "Databases", "{5C2AD46D-3F1D-40AB-A171-6E941FC2AE05}"
EndProject
Project("{2150E333-8FDC-42A3-9474-1A3956D46DE8}") = "Libs", "Libs", "{B0A3B93D-19BC-42DF-B658-88A951D45C21}"
EndProject
Project("{2150E333-8FDC-42A3-9474-1A3956D46DE8}") = "WinUI", "WinUI", "{F7041B5A-50F0-4A8A-B2E1-72EDE36078A3}"
EndProject
Project("{9A19103F-16F7-4668-BE54-9A1E7A4F7556}") = "AKS.Auths", "AKS.Auths\AKS.Auths.csproj", "{D83AD087-B97D-4B67-BF41-74372BB557FF}"
EndProject
Project("{9A19103F-16F7-4668-BE54-9A1E7A4F7556}") = "AKS.Printers", "AKS.Printers\AKS.Printers.csproj", "{4202275C-3FB2-45F5-96AB-1259639B1F31}"
EndProject
Project("{9A19103F-16F7-4668-BE54-9A1E7A4F7556}") = "AKS.StaticLibs", "AKS.StaticLibs\AKS.StaticLibs.csproj", "{CACB2CAA-9EEB-43B3-9BCF-E8F4C06729C9}"
EndProject
Project("{9A19103F-16F7-4668-BE54-9A1E7A4F7556}") = "AKS.AccountingSystem", "AKS.AccountingSystem\AKS.AccountingSystem.csproj", "{EF802476-9A1F-48B6-87C7-E0F01E1E56C2}"
EndProject
Project("{2150E333-8FDC-42A3-9474-1A3956D46DE8}") = "UseByUI", "UseByUI", "{410E4055-DCB4-4BE3-81A6-015380EA884B}"
EndProject
Project("{2150E333-8FDC-42A3-9474-1A3956D46DE8}") = "Win", "Win", "{84CF8F11-8808-4C8B-B9AB-55DD932F4C68}"
EndProject
Project("{9A19103F-16F7-4668-BE54-9A1E7A4F7556}") = "eStorePOS", "..\..\UI\eStorePOS\eStorePOS\eStorePOS.csproj", "{F4591CAF-9736-4F22-A45E-FE98B2F0E060}"
EndProject
Project("{9A19103F-16F7-4668-BE54-9A1E7A4F7556}") = "eStoreAccounts", "..\..\UI\eStoreAccounts\eStoreAccounts.csproj", "{CF892DE0-E71B-49A6-BFEF-CE7B19C85517}"
EndProject
Project("{9A19103F-16F7-4668-BE54-9A1E7A4F7556}") = "eStoreAdmin", "..\..\UI\eStoreAdmin\eStoreAdmin.csproj", "{E5D90A48-4C98-4344-A833-B29E822ECA6B}"
EndProject
Project("{2150E333-8FDC-42A3-9474-1A3956D46DE8}") = "UILibs", "UILibs", "{3A5EB5BD-6A8F-494D-A411-1594A7F5C120}"
EndProject
Project("{9A19103F-16F7-4668-BE54-9A1E7A4F7556}") = "AKS.UI.Auths", "..\..\UILib\AKS.UI.Auths\AKS.UI.Auths.csproj", "{A8CB7CE2-3A7F-421A-8314-BF92A9685357}"
EndProject
Project("{9A19103F-16F7-4668-BE54-9A1E7A4F7556}") = "AKS.UI.POS", "..\..\UILib\AKS.UI.POS\AKS.UI.POS.csproj", "{2B119404-CEF1-4793-A23F-02B594E04890}"
EndProject
Project("{9A19103F-16F7-4668-BE54-9A1E7A4F7556}") = "AKS.PosSystem", "AKS.PosSystem\AKS.PosSystem.csproj", "{671FA9D9-2A2C-4A8C-96E7-BD22DE02A841}"
EndProject
Project("{9A19103F-16F7-4668-BE54-9A1E7A4F7556}") = "AKS.UI.Accounting", "..\..\UILib\AKS.UI.Accounting\AKS.UI.Accounting.csproj", "{5C3C5EC4-EB98-40DB-9690-21EF54BD50EF}"
EndProject
Project("{D954291E-2A0B-460D-934E-DC6B0785DB48}") = "AKS.Shared.Templets", "AKS.Shared.Templets\AKS.Shared.Templets.shproj", "{D98B224D-C30E-4A2F-AE79-ACA26E2D8940}"
EndProject
Project("{9A19103F-16F7-4668-BE54-9A1E7A4F7556}") = "ASK.UI.Libs", "ASK.UI.Libs\ASK.UI.Libs.csproj", "{F01BCDD0-6722-4A81-878F-95FFD486D501}"
EndProject
Project("{9A19103F-16F7-4668-BE54-9A1E7A4F7556}") = "eStore.SetUp", "eStore.SetUp\eStore.SetUp.csproj", "{404A2C08-55EA-4B9B-BB3A-4E3564C508F1}"
EndProject
Global
	GlobalSection(SolutionConfigurationPlatforms) = preSolution
		Debug|Any CPU = Debug|Any CPU
		Release|Any CPU = Release|Any CPU
	EndGlobalSection
	GlobalSection(ProjectConfigurationPlatforms) = postSolution
		{DEE0585F-628A-424C-AA93-9BC5CCB3335F}.Debug|Any CPU.ActiveCfg = Debug|Any CPU
		{DEE0585F-628A-424C-AA93-9BC5CCB3335F}.Debug|Any CPU.Build.0 = Debug|Any CPU
		{DEE0585F-628A-424C-AA93-9BC5CCB3335F}.Release|Any CPU.ActiveCfg = Release|Any CPU
		{DEE0585F-628A-424C-AA93-9BC5CCB3335F}.Release|Any CPU.Build.0 = Release|Any CPU
		{DA385EDD-4800-4705-A919-426FC5DB5295}.Debug|Any CPU.ActiveCfg = Debug|Any CPU
		{DA385EDD-4800-4705-A919-426FC5DB5295}.Debug|Any CPU.Build.0 = Debug|Any CPU
		{DA385EDD-4800-4705-A919-426FC5DB5295}.Release|Any CPU.ActiveCfg = Release|Any CPU
		{DA385EDD-4800-4705-A919-426FC5DB5295}.Release|Any CPU.Build.0 = Release|Any CPU
		{EB19B249-BA49-4BCF-A922-917DB1400D9F}.Debug|Any CPU.ActiveCfg = Debug|Any CPU
		{EB19B249-BA49-4BCF-A922-917DB1400D9F}.Debug|Any CPU.Build.0 = Debug|Any CPU
		{EB19B249-BA49-4BCF-A922-917DB1400D9F}.Release|Any CPU.ActiveCfg = Release|Any CPU
		{EB19B249-BA49-4BCF-A922-917DB1400D9F}.Release|Any CPU.Build.0 = Release|Any CPU
		{E7D3A8B8-6511-49DC-8F9F-F64EEDE437CF}.Debug|Any CPU.ActiveCfg = Debug|Any CPU
		{E7D3A8B8-6511-49DC-8F9F-F64EEDE437CF}.Debug|Any CPU.Build.0 = Debug|Any CPU
		{E7D3A8B8-6511-49DC-8F9F-F64EEDE437CF}.Release|Any CPU.ActiveCfg = Release|Any CPU
		{E7D3A8B8-6511-49DC-8F9F-F64EEDE437CF}.Release|Any CPU.Build.0 = Release|Any CPU
		{D7C7479E-E4FE-4327-B737-7515CC1B058F}.Debug|Any CPU.ActiveCfg = Debug|Any CPU
		{D7C7479E-E4FE-4327-B737-7515CC1B058F}.Debug|Any CPU.Build.0 = Debug|Any CPU
		{D7C7479E-E4FE-4327-B737-7515CC1B058F}.Release|Any CPU.ActiveCfg = Release|Any CPU
		{D7C7479E-E4FE-4327-B737-7515CC1B058F}.Release|Any CPU.Build.0 = Release|Any CPU
		{E5B6A8EF-8136-4470-B427-F02629A7F9E6}.Debug|Any CPU.ActiveCfg = Debug|Any CPU
		{E5B6A8EF-8136-4470-B427-F02629A7F9E6}.Debug|Any CPU.Build.0 = Debug|Any CPU
		{E5B6A8EF-8136-4470-B427-F02629A7F9E6}.Release|Any CPU.ActiveCfg = Release|Any CPU
		{E5B6A8EF-8136-4470-B427-F02629A7F9E6}.Release|Any CPU.Build.0 = Release|Any CPU
		{F130673C-4EE9-4135-85A2-CEDF6660859D}.Debug|Any CPU.ActiveCfg = Debug|Any CPU
		{F130673C-4EE9-4135-85A2-CEDF6660859D}.Debug|Any CPU.Build.0 = Debug|Any CPU
		{F130673C-4EE9-4135-85A2-CEDF6660859D}.Release|Any CPU.ActiveCfg = Release|Any CPU
		{F130673C-4EE9-4135-85A2-CEDF6660859D}.Release|Any CPU.Build.0 = Release|Any CPU
		{95F4D387-A0BE-4407-A515-5B6CAC8D9F0C}.Debug|Any CPU.ActiveCfg = Debug|Any CPU
		{95F4D387-A0BE-4407-A515-5B6CAC8D9F0C}.Debug|Any CPU.Build.0 = Debug|Any CPU
		{95F4D387-A0BE-4407-A515-5B6CAC8D9F0C}.Release|Any CPU.ActiveCfg = Release|Any CPU
		{95F4D387-A0BE-4407-A515-5B6CAC8D9F0C}.Release|Any CPU.Build.0 = Release|Any CPU
		{6EB45C53-0CEC-432E-9CF9-27233BC5EBEE}.Debug|Any CPU.ActiveCfg = Debug|Any CPU
		{6EB45C53-0CEC-432E-9CF9-27233BC5EBEE}.Debug|Any CPU.Build.0 = Debug|Any CPU
		{6EB45C53-0CEC-432E-9CF9-27233BC5EBEE}.Release|Any CPU.ActiveCfg = Release|Any CPU
		{6EB45C53-0CEC-432E-9CF9-27233BC5EBEE}.Release|Any CPU.Build.0 = Release|Any CPU
		{D83AD087-B97D-4B67-BF41-74372BB557FF}.Debug|Any CPU.ActiveCfg = Debug|Any CPU
		{D83AD087-B97D-4B67-BF41-74372BB557FF}.Debug|Any CPU.Build.0 = Debug|Any CPU
		{D83AD087-B97D-4B67-BF41-74372BB557FF}.Release|Any CPU.ActiveCfg = Release|Any CPU
		{D83AD087-B97D-4B67-BF41-74372BB557FF}.Release|Any CPU.Build.0 = Release|Any CPU
		{4202275C-3FB2-45F5-96AB-1259639B1F31}.Debug|Any CPU.ActiveCfg = Debug|Any CPU
		{4202275C-3FB2-45F5-96AB-1259639B1F31}.Debug|Any CPU.Build.0 = Debug|Any CPU
		{4202275C-3FB2-45F5-96AB-1259639B1F31}.Release|Any CPU.ActiveCfg = Release|Any CPU
		{4202275C-3FB2-45F5-96AB-1259639B1F31}.Release|Any CPU.Build.0 = Release|Any CPU
		{CACB2CAA-9EEB-43B3-9BCF-E8F4C06729C9}.Debug|Any CPU.ActiveCfg = Debug|Any CPU
		{CACB2CAA-9EEB-43B3-9BCF-E8F4C06729C9}.Debug|Any CPU.Build.0 = Debug|Any CPU
		{CACB2CAA-9EEB-43B3-9BCF-E8F4C06729C9}.Release|Any CPU.ActiveCfg = Release|Any CPU
		{CACB2CAA-9EEB-43B3-9BCF-E8F4C06729C9}.Release|Any CPU.Build.0 = Release|Any CPU
		{EF802476-9A1F-48B6-87C7-E0F01E1E56C2}.Debug|Any CPU.ActiveCfg = Debug|Any CPU
		{EF802476-9A1F-48B6-87C7-E0F01E1E56C2}.Debug|Any CPU.Build.0 = Debug|Any CPU
		{EF802476-9A1F-48B6-87C7-E0F01E1E56C2}.Release|Any CPU.ActiveCfg = Release|Any CPU
		{EF802476-9A1F-48B6-87C7-E0F01E1E56C2}.Release|Any CPU.Build.0 = Release|Any CPU
		{F4591CAF-9736-4F22-A45E-FE98B2F0E060}.Debug|Any CPU.ActiveCfg = Debug|Any CPU
		{F4591CAF-9736-4F22-A45E-FE98B2F0E060}.Debug|Any CPU.Build.0 = Debug|Any CPU
		{F4591CAF-9736-4F22-A45E-FE98B2F0E060}.Release|Any CPU.ActiveCfg = Release|Any CPU
		{F4591CAF-9736-4F22-A45E-FE98B2F0E060}.Release|Any CPU.Build.0 = Release|Any CPU
		{CF892DE0-E71B-49A6-BFEF-CE7B19C85517}.Debug|Any CPU.ActiveCfg = Debug|Any CPU
		{CF892DE0-E71B-49A6-BFEF-CE7B19C85517}.Debug|Any CPU.Build.0 = Debug|Any CPU
		{CF892DE0-E71B-49A6-BFEF-CE7B19C85517}.Release|Any CPU.ActiveCfg = Release|Any CPU
		{CF892DE0-E71B-49A6-BFEF-CE7B19C85517}.Release|Any CPU.Build.0 = Release|Any CPU
		{E5D90A48-4C98-4344-A833-B29E822ECA6B}.Debug|Any CPU.ActiveCfg = Debug|Any CPU
		{E5D90A48-4C98-4344-A833-B29E822ECA6B}.Debug|Any CPU.Build.0 = Debug|Any CPU
		{E5D90A48-4C98-4344-A833-B29E822ECA6B}.Release|Any CPU.ActiveCfg = Release|Any CPU
		{E5D90A48-4C98-4344-A833-B29E822ECA6B}.Release|Any CPU.Build.0 = Release|Any CPU
		{A8CB7CE2-3A7F-421A-8314-BF92A9685357}.Debug|Any CPU.ActiveCfg = Debug|Any CPU
		{A8CB7CE2-3A7F-421A-8314-BF92A9685357}.Debug|Any CPU.Build.0 = Debug|Any CPU
		{A8CB7CE2-3A7F-421A-8314-BF92A9685357}.Release|Any CPU.ActiveCfg = Release|Any CPU
		{A8CB7CE2-3A7F-421A-8314-BF92A9685357}.Release|Any CPU.Build.0 = Release|Any CPU
		{2B119404-CEF1-4793-A23F-02B594E04890}.Debug|Any CPU.ActiveCfg = Debug|Any CPU
		{2B119404-CEF1-4793-A23F-02B594E04890}.Debug|Any CPU.Build.0 = Debug|Any CPU
		{2B119404-CEF1-4793-A23F-02B594E04890}.Release|Any CPU.ActiveCfg = Release|Any CPU
		{2B119404-CEF1-4793-A23F-02B594E04890}.Release|Any CPU.Build.0 = Release|Any CPU
		{671FA9D9-2A2C-4A8C-96E7-BD22DE02A841}.Debug|Any CPU.ActiveCfg = Debug|Any CPU
		{671FA9D9-2A2C-4A8C-96E7-BD22DE02A841}.Debug|Any CPU.Build.0 = Debug|Any CPU
		{671FA9D9-2A2C-4A8C-96E7-BD22DE02A841}.Release|Any CPU.ActiveCfg = Release|Any CPU
		{671FA9D9-2A2C-4A8C-96E7-BD22DE02A841}.Release|Any CPU.Build.0 = Release|Any CPU
		{5C3C5EC4-EB98-40DB-9690-21EF54BD50EF}.Debug|Any CPU.ActiveCfg = Debug|Any CPU
		{5C3C5EC4-EB98-40DB-9690-21EF54BD50EF}.Debug|Any CPU.Build.0 = Debug|Any CPU
		{5C3C5EC4-EB98-40DB-9690-21EF54BD50EF}.Release|Any CPU.ActiveCfg = Release|Any CPU
		{5C3C5EC4-EB98-40DB-9690-21EF54BD50EF}.Release|Any CPU.Build.0 = Release|Any CPU
		{F01BCDD0-6722-4A81-878F-95FFD486D501}.Debug|Any CPU.ActiveCfg = Debug|Any CPU
		{F01BCDD0-6722-4A81-878F-95FFD486D501}.Debug|Any CPU.Build.0 = Debug|Any CPU
		{F01BCDD0-6722-4A81-878F-95FFD486D501}.Release|Any CPU.ActiveCfg = Release|Any CPU
		{F01BCDD0-6722-4A81-878F-95FFD486D501}.Release|Any CPU.Build.0 = Release|Any CPU
		{404A2C08-55EA-4B9B-BB3A-4E3564C508F1}.Debug|Any CPU.ActiveCfg = Debug|Any CPU
		{404A2C08-55EA-4B9B-BB3A-4E3564C508F1}.Debug|Any CPU.Build.0 = Debug|Any CPU
		{404A2C08-55EA-4B9B-BB3A-4E3564C508F1}.Release|Any CPU.ActiveCfg = Release|Any CPU
		{404A2C08-55EA-4B9B-BB3A-4E3564C508F1}.Release|Any CPU.Build.0 = Release|Any CPU
	EndGlobalSection
	GlobalSection(SolutionProperties) = preSolution
		HideSolutionNode = FALSE
	EndGlobalSection
	GlobalSection(NestedProjects) = preSolution
		{DA385EDD-4800-4705-A919-426FC5DB5295} = {5C2AD46D-3F1D-40AB-A171-6E941FC2AE05}
		{EB19B249-BA49-4BCF-A922-917DB1400D9F} = {178EDD68-8F30-4104-BF98-1F69C5FD57AB}
		{062A8AC3-2766-4147-8809-9E46C9C71B34} = {58EB1D91-5E69-4D22-B8D0-F34D88EC1EEB}
		{9EE7A62A-E3CD-4C07-BC43-AA6AFB980C8C} = {58EB1D91-5E69-4D22-B8D0-F34D88EC1EEB}
		{E7D3A8B8-6511-49DC-8F9F-F64EEDE437CF} = {5C2AD46D-3F1D-40AB-A171-6E941FC2AE05}
		{D7C7479E-E4FE-4327-B737-7515CC1B058F} = {B0A3B93D-19BC-42DF-B658-88A951D45C21}
		{E5B6A8EF-8136-4470-B427-F02629A7F9E6} = {F7041B5A-50F0-4A8A-B2E1-72EDE36078A3}
		{F130673C-4EE9-4135-85A2-CEDF6660859D} = {5C2AD46D-3F1D-40AB-A171-6E941FC2AE05}
		{95F4D387-A0BE-4407-A515-5B6CAC8D9F0C} = {F7041B5A-50F0-4A8A-B2E1-72EDE36078A3}
		{6EB45C53-0CEC-432E-9CF9-27233BC5EBEE} = {F7041B5A-50F0-4A8A-B2E1-72EDE36078A3}
		{D540EA0B-62F2-4582-8FE1-0A2D381C29CC} = {58EB1D91-5E69-4D22-B8D0-F34D88EC1EEB}
		{642F8409-F94E-404C-8D3A-CB1F801A1396} = {58EB1D91-5E69-4D22-B8D0-F34D88EC1EEB}
		{D83AD087-B97D-4B67-BF41-74372BB557FF} = {B0A3B93D-19BC-42DF-B658-88A951D45C21}
		{4202275C-3FB2-45F5-96AB-1259639B1F31} = {B0A3B93D-19BC-42DF-B658-88A951D45C21}
		{EF802476-9A1F-48B6-87C7-E0F01E1E56C2} = {178EDD68-8F30-4104-BF98-1F69C5FD57AB}
		{84CF8F11-8808-4C8B-B9AB-55DD932F4C68} = {410E4055-DCB4-4BE3-81A6-015380EA884B}
		{F4591CAF-9736-4F22-A45E-FE98B2F0E060} = {84CF8F11-8808-4C8B-B9AB-55DD932F4C68}
		{CF892DE0-E71B-49A6-BFEF-CE7B19C85517} = {84CF8F11-8808-4C8B-B9AB-55DD932F4C68}
		{E5D90A48-4C98-4344-A833-B29E822ECA6B} = {84CF8F11-8808-4C8B-B9AB-55DD932F4C68}
		{3A5EB5BD-6A8F-494D-A411-1594A7F5C120} = {B0A3B93D-19BC-42DF-B658-88A951D45C21}
		{A8CB7CE2-3A7F-421A-8314-BF92A9685357} = {3A5EB5BD-6A8F-494D-A411-1594A7F5C120}
		{2B119404-CEF1-4793-A23F-02B594E04890} = {3A5EB5BD-6A8F-494D-A411-1594A7F5C120}
		{671FA9D9-2A2C-4A8C-96E7-BD22DE02A841} = {178EDD68-8F30-4104-BF98-1F69C5FD57AB}
		{5C3C5EC4-EB98-40DB-9690-21EF54BD50EF} = {3A5EB5BD-6A8F-494D-A411-1594A7F5C120}
		{D98B224D-C30E-4A2F-AE79-ACA26E2D8940} = {58EB1D91-5E69-4D22-B8D0-F34D88EC1EEB}
		{F01BCDD0-6722-4A81-878F-95FFD486D501} = {3A5EB5BD-6A8F-494D-A411-1594A7F5C120}
		{404A2C08-55EA-4B9B-BB3A-4E3564C508F1} = {178EDD68-8F30-4104-BF98-1F69C5FD57AB}
	EndGlobalSection
	GlobalSection(ExtensibilityGlobals) = postSolution
		SolutionGuid = {E330ACB7-D840-4475-B428-7A550A69C68A}
	EndGlobalSection
	GlobalSection(SharedMSBuildProjectFiles) = preSolution
		..\AKS.Shared.Payrolls\AKS.Shared.Payrolls.projitems*{062a8ac3-2766-4147-8809-9e46c9c71b34}*SharedItemsImports = 13
		..\..\..\eStore\eStore.Shared\eStore.Shared.projitems*{2147e9df-8118-4daa-8611-40dd72c259f9}*SharedItemsImports = 13
		AKS.Shared.PosBilling\AKS.Shared.PosBilling.projitems*{642f8409-f94e-404c-8d3a-cb1f801a1396}*SharedItemsImports = 13
		..\..\Shared\AKS.Shared.Commons\AKS.Shared.Commons.projitems*{9ee7a62a-e3cd-4c07-bc43-aa6afb980c8c}*SharedItemsImports = 13
		AKS.Shared.Accounting\AKS.Shared.Accounting.projitems*{d540ea0b-62f2-4582-8fe1-0a2d381c29cc}*SharedItemsImports = 13
		AKS.Shared.Templets\AKS.Shared.Templets.projitems*{d98b224d-c30e-4a2f-ae79-aca26e2d8940}*SharedItemsImports = 13
		..\AKS.Shared.Payrolls\AKS.Shared.Payrolls.projitems*{da385edd-4800-4705-a919-426fc5db5295}*SharedItemsImports = 5
		..\..\Shared\AKS.Shared.Commons\AKS.Shared.Commons.projitems*{da385edd-4800-4705-a919-426fc5db5295}*SharedItemsImports = 5
		..\..\..\eStore\eStore.Shared\eStore.Shared.projitems*{e7d3a8b8-6511-49dc-8f9f-f64eede437cf}*SharedItemsImports = 5
		AKS.Shared.Templets\AKS.Shared.Templets.projitems*{ef802476-9a1f-48b6-87c7-e0f01e1e56c2}*SharedItemsImports = 5
		..\AKS.Shared.Payrolls\AKS.Shared.Payrolls.projitems*{f130673c-4ee9-4135-85a2-cedf6660859d}*SharedItemsImports = 5
		..\..\Shared\AKS.Shared.Commons\AKS.Shared.Commons.projitems*{f130673c-4ee9-4135-85a2-cedf6660859d}*SharedItemsImports = 5
	EndGlobalSection
EndGlobal
